
Microsoft Visual Studio Solution File, Format Version 12.00
# Visual Studio 15
Project("{FAE04EC0-301F-11D3-BF4B-00C04F79EFBC}") = "TypesAndExpressions", "MoshCBeginners\TypesAndExpressions.csproj", "{9DA3C17F-C1C7-4C05-99B7-7364B37B27BC}"
EndProject
Project("{FAE04EC0-301F-11D3-BF4B-00C04F79EFBC}") = "NonPrimitiveType", "NonPrimitiveType\NonPrimitiveType.csproj", "{2EFC6BF4-DF79-482C-BE58-F6B662ADCC6E}"
EndProject
Project("{FAE04EC0-301F-11D3-BF4B-00C04F79EFBC}") = "ControlFlow", "ControlFlow\ControlFlow.csproj", "{A189C881-8D21-43A9-9524-C3C179C08E4A}"
EndProject
Project("{FAE04EC0-301F-11D3-BF4B-00C04F79EFBC}") = "ControlFlowII", "ControlFlowII\ControlFlowII.csproj", "{5D3091F3-DE86-463B-B0C4-8412C6C45CA7}"
EndProject
Project("{FAE04EC0-301F-11D3-BF4B-00C04F79EFBC}") = "ArraysAndLists", "ArraysAndLists\ArraysAndLists.csproj", "{2F76A90F-5CCD-4E1D-99C0-6F30B517965E}"
EndProject
Project("{FAE04EC0-301F-11D3-BF4B-00C04F79EFBC}") = "ArraysAndlistsII", "ArraysAndlistsII\ArraysAndlistsII.csproj", "{3519F7C1-DAD5-44B1-A1FC-30CFAC762D27}"
EndProject
Global
	GlobalSection(SolutionConfigurationPlatforms) = preSolution
		Debug|x86 = Debug|x86
		Release|x86 = Release|x86
	EndGlobalSection
	GlobalSection(ProjectConfigurationPlatforms) = postSolution
		{9DA3C17F-C1C7-4C05-99B7-7364B37B27BC}.Debug|x86.ActiveCfg = Debug|x86
		{9DA3C17F-C1C7-4C05-99B7-7364B37B27BC}.Debug|x86.Build.0 = Debug|x86
		{9DA3C17F-C1C7-4C05-99B7-7364B37B27BC}.Release|x86.ActiveCfg = Release|x86
		{9DA3C17F-C1C7-4C05-99B7-7364B37B27BC}.Release|x86.Build.0 = Release|x86
		{2EFC6BF4-DF79-482C-BE58-F6B662ADCC6E}.Debug|x86.ActiveCfg = Debug|x86
		{2EFC6BF4-DF79-482C-BE58-F6B662ADCC6E}.Debug|x86.Build.0 = Debug|x86
		{2EFC6BF4-DF79-482C-BE58-F6B662ADCC6E}.Release|x86.ActiveCfg = Release|x86
		{2EFC6BF4-DF79-482C-BE58-F6B662ADCC6E}.Release|x86.Build.0 = Release|x86
		{A189C881-8D21-43A9-9524-C3C179C08E4A}.Debug|x86.ActiveCfg = Debug|x86
		{A189C881-8D21-43A9-9524-C3C179C08E4A}.Debug|x86.Build.0 = Debug|x86
		{A189C881-8D21-43A9-9524-C3C179C08E4A}.Release|x86.ActiveCfg = Release|x86
		{A189C881-8D21-43A9-9524-C3C179C08E4A}.Release|x86.Build.0 = Release|x86
		{5D3091F3-DE86-463B-B0C4-8412C6C45CA7}.Debug|x86.ActiveCfg = Debug|x86
		{5D3091F3-DE86-463B-B0C4-8412C6C45CA7}.Debug|x86.Build.0 = Debug|x86
		{5D3091F3-DE86-463B-B0C4-8412C6C45CA7}.Release|x86.ActiveCfg = Release|x86
		{5D3091F3-DE86-463B-B0C4-8412C6C45CA7}.Release|x86.Build.0 = Release|x86
		{2F76A90F-5CCD-4E1D-99C0-6F30B517965E}.Debug|x86.ActiveCfg = Debug|x86
		{2F76A90F-5CCD-4E1D-99C0-6F30B517965E}.Debug|x86.Build.0 = Debug|x86
		{2F76A90F-5CCD-4E1D-99C0-6F30B517965E}.Release|x86.ActiveCfg = Release|x86
		{2F76A90F-5CCD-4E1D-99C0-6F30B517965E}.Release|x86.Build.0 = Release|x86
		{3519F7C1-DAD5-44B1-A1FC-30CFAC762D27}.Debug|x86.ActiveCfg = Debug|x86
		{3519F7C1-DAD5-44B1-A1FC-30CFAC762D27}.Debug|x86.Build.0 = Debug|x86
		{3519F7C1-DAD5-44B1-A1FC-30CFAC762D27}.Release|x86.ActiveCfg = Release|x86
		{3519F7C1-DAD5-44B1-A1FC-30CFAC762D27}.Release|x86.Build.0 = Release|x86
	EndGlobalSection
EndGlobal
